// !$*UTF8*$!
{
	archiveVersion = 1;
	classes = {
	};
	objectVersion = 46;
	objects = {

/* Begin PBXBuildFile section */
		3D043E721B85CDA9008F0B4F /* UIImage+JR.m in Sources */ = {isa = PBXBuildFile; fileRef = 3D043E711B85CDA9008F0B4F /* UIImage+JR.m */; };
		3D05857F1B7A1990006A6903 /* QTPickerView.m in Sources */ = {isa = PBXBuildFile; fileRef = 3D05857E1B7A1990006A6903 /* QTPickerView.m */; };
		3D0DA4CD1BF0443C008AB8F0 /* chinese.strings in Resources */ = {isa = PBXBuildFile; fileRef = 3D0DA4CC1BF0443C008AB8F0 /* chinese.strings */; };
		3D223B171B6EFD0100C1F1B0 /* QTRecommendView.m in Sources */ = {isa = PBXBuildFile; fileRef = 3D223B161B6EFD0100C1F1B0 /* QTRecommendView.m */; };
		3D223B1D1B6EFEB100C1F1B0 /* QTRecommendViewCell.m in Sources */ = {isa = PBXBuildFile; fileRef = 3D223B1C1B6EFEB100C1F1B0 /* QTRecommendViewCell.m */; };
		3D223B201B6F00F400C1F1B0 /* RecommendTestViewController.m in Sources */ = {isa = PBXBuildFile; fileRef = 3D223B1F1B6F00F400C1F1B0 /* RecommendTestViewController.m */; };
		3D42F86B1BF43F3800DF7B36 /* QTBounceMenuViewController.m in Sources */ = {isa = PBXBuildFile; fileRef = 3D42F86A1BF43F3800DF7B36 /* QTBounceMenuViewController.m */; };
		3D42F86E1BF43F5B00DF7B36 /* QTBounceMenuView.m in Sources */ = {isa = PBXBuildFile; fileRef = 3D42F86D1BF43F5B00DF7B36 /* QTBounceMenuView.m */; };
		3D4E6F481BF96FF300570F21 /* ico_xiangce@3x.png in Resources */ = {isa = PBXBuildFile; fileRef = 3D4E6F471BF96FF300570F21 /* ico_xiangce@3x.png */; };
		3D671D631BF5754D0078F5F9 /* DatePickerViewControllerTest.m in Sources */ = {isa = PBXBuildFile; fileRef = 3D671D621BF5754D0078F5F9 /* DatePickerViewControllerTest.m */; };
		3D671D661BF575A10078F5F9 /* QTCalendarViewController.m in Sources */ = {isa = PBXBuildFile; fileRef = 3D671D651BF575A10078F5F9 /* QTCalendarViewController.m */; };
		3D85248C1B6B9B7200DA22FC /* QTActionSheet.m in Sources */ = {isa = PBXBuildFile; fileRef = 3D8524891B6B9B7200DA22FC /* QTActionSheet.m */; };
		3D85248D1B6B9B7200DA22FC /* QTActionSheetViewController.m in Sources */ = {isa = PBXBuildFile; fileRef = 3D85248B1B6B9B7200DA22FC /* QTActionSheetViewController.m */; };
		3D8524901B6B9B9200DA22FC /* TableViewController.m in Sources */ = {isa = PBXBuildFile; fileRef = 3D85248F1B6B9B9200DA22FC /* TableViewController.m */; };
		3D8592A41BABF9DE0021D1B8 /* NavigationAnimationDemo.m in Sources */ = {isa = PBXBuildFile; fileRef = 3D8592A31BABF9DE0021D1B8 /* NavigationAnimationDemo.m */; };
		3D8592A81BAC0E330021D1B8 /* AnimationsController.m in Sources */ = {isa = PBXBuildFile; fileRef = 3D8592A71BAC0E330021D1B8 /* AnimationsController.m */; };
		3D8592AB1BAC0E8D0021D1B8 /* Animation1.m in Sources */ = {isa = PBXBuildFile; fileRef = 3D8592AA1BAC0E8D0021D1B8 /* Animation1.m */; };
		3D8ACD121BF734ED00DC222E /* QTInvitationConfirmViewController.m in Sources */ = {isa = PBXBuildFile; fileRef = 3D8ACD111BF734ED00DC222E /* QTInvitationConfirmViewController.m */; };
		3D8ACD151BF736C500DC222E /* InvitationTestController.m in Sources */ = {isa = PBXBuildFile; fileRef = 3D8ACD141BF736C500DC222E /* InvitationTestController.m */; };
		3D9227421BA3D31D00F3B7E3 /* TestViewControllerSwift.swift in Sources */ = {isa = PBXBuildFile; fileRef = 3D9227411BA3D31D00F3B7E3 /* TestViewControllerSwift.swift */; };
		3DAE5B561B71BE29000383A0 /* TestViewController.m in Sources */ = {isa = PBXBuildFile; fileRef = 3DAE5B551B71BE29000383A0 /* TestViewController.m */; };
		3DC3636F1BCC9DB00044DE63 /* Launch Screen.storyboard in Resources */ = {isa = PBXBuildFile; fileRef = 3DC3636E1BCC9DB00044DE63 /* Launch Screen.storyboard */; };
		3DC79D801B72F04B002B1382 /* Main.storyboard in Resources */ = {isa = PBXBuildFile; fileRef = 3DC79D7E1B72F04B002B1382 /* Main.storyboard */; };
		3DE192CE1BCBA91D0082DDA0 /* QRDemoViewController.m in Sources */ = {isa = PBXBuildFile; fileRef = 3DE192CD1BCBA91D0082DDA0 /* QRDemoViewController.m */; };
		3DE192D11BCBA9430082DDA0 /* QTQRUtil.m in Sources */ = {isa = PBXBuildFile; fileRef = 3DE192D01BCBA9430082DDA0 /* QTQRUtil.m */; };
		3DE192D41BCBB0090082DDA0 /* QTQRScanViewController.m in Sources */ = {isa = PBXBuildFile; fileRef = 3DE192D31BCBB0090082DDA0 /* QTQRScanViewController.m */; };
		3DE9F76D1B704F930072F24B /* QTAlertView.m in Sources */ = {isa = PBXBuildFile; fileRef = 3DE9F76C1B704F930072F24B /* QTAlertView.m */; };
		3DE9F7701B705ABE0072F24B /* QTAlertViewViewController.m in Sources */ = {isa = PBXBuildFile; fileRef = 3DE9F76F1B705ABE0072F24B /* QTAlertViewViewController.m */; };
		5EA5047ED4EA80C70C2396D5 /* libPods.a in Frameworks */ = {isa = PBXBuildFile; fileRef = B29F2A1BC3E8450193D0F0C1 /* libPods.a */; };
		A842CF4F1B5D28E50015464E /* NSDate+Extension.m in Sources */ = {isa = PBXBuildFile; fileRef = A842CF4E1B5D28E50015464E /* NSDate+Extension.m */; };
		A84643991B5A8EDD009322F1 /* QTTagListView.m in Sources */ = {isa = PBXBuildFile; fileRef = A84643981B5A8EDD009322F1 /* QTTagListView.m */; };
		A846439B1B5A9F68009322F1 /* abc.png in Resources */ = {isa = PBXBuildFile; fileRef = A846439A1B5A9F68009322F1 /* abc.png */; };
		A8771A271B652344009602D3 /* UIView+Extension.m in Sources */ = {isa = PBXBuildFile; fileRef = A8771A261B652344009602D3 /* UIView+Extension.m */; };
		A878D5751BB4173D005F3BF2 /* UIWindow+Extension.m in Sources */ = {isa = PBXBuildFile; fileRef = A878D5721BB4173D005F3BF2 /* UIWindow+Extension.m */; };
		A878D5761BB4173D005F3BF2 /* ViewController.m in Sources */ = {isa = PBXBuildFile; fileRef = A878D5741BB4173D005F3BF2 /* ViewController.m */; };
		A88AACB71B5B744F00FBBFA7 /* QTTagListTestViewController.m in Sources */ = {isa = PBXBuildFile; fileRef = A88AACB61B5B744F00FBBFA7 /* QTTagListTestViewController.m */; };
		A88AACC11B5B7F1500FBBFA7 /* QTPickerViewController.m in Sources */ = {isa = PBXBuildFile; fileRef = A88AACC01B5B7F1500FBBFA7 /* QTPickerViewController.m */; };
		A89973C31BE886B9006E18CB /* PopupViewTestController.m in Sources */ = {isa = PBXBuildFile; fileRef = A89973C21BE886B9006E18CB /* PopupViewTestController.m */; };
		A89973C61BE886E9006E18CB /* QTPopupView.m in Sources */ = {isa = PBXBuildFile; fileRef = A89973C51BE886E9006E18CB /* QTPopupView.m */; };
		A8AB86801B52ADEF009B6D52 /* Images.xcassets in Resources */ = {isa = PBXBuildFile; fileRef = A8AB867F1B52ADEF009B6D52 /* Images.xcassets */; };
		A8AB868F1B52ADEF009B6D52 /* DemoCollectionsTests.m in Sources */ = {isa = PBXBuildFile; fileRef = A8AB868E1B52ADEF009B6D52 /* DemoCollectionsTests.m */; };
		A8AB86A11B52AE4C009B6D52 /* AppDelegate.m in Sources */ = {isa = PBXBuildFile; fileRef = A8AB869B1B52AE4C009B6D52 /* AppDelegate.m */; };
		A8AB86A21B52AE4C009B6D52 /* main.m in Sources */ = {isa = PBXBuildFile; fileRef = A8AB869E1B52AE4C009B6D52 /* main.m */; };
		A8AB88CA1B52AEEA009B6D52 /* QTSelectionView.m in Sources */ = {isa = PBXBuildFile; fileRef = A8AB88C91B52AEEA009B6D52 /* QTSelectionView.m */; };
		A8AB88D31B52B247009B6D52 /* QTTestViewController.m in Sources */ = {isa = PBXBuildFile; fileRef = A8AB88D21B52B247009B6D52 /* QTTestViewController.m */; };
		A8AB88D61B52B2D5009B6D52 /* QTMultiTableView.m in Sources */ = {isa = PBXBuildFile; fileRef = A8AB88D51B52B2D5009B6D52 /* QTMultiTableView.m */; };
		A8C945F31BB1406C0034183B /* Default@2x.png in Resources */ = {isa = PBXBuildFile; fileRef = A8C945EF1BB1406C0034183B /* Default@2x.png */; };
		A8C945F41BB1406C0034183B /* Default-736h@3x.png in Resources */ = {isa = PBXBuildFile; fileRef = A8C945F01BB1406C0034183B /* Default-736h@3x.png */; };
		A8C945F51BB1406C0034183B /* Default-667h@2x.png in Resources */ = {isa = PBXBuildFile; fileRef = A8C945F11BB1406C0034183B /* Default-667h@2x.png */; };
		A8C945F61BB1406C0034183B /* Default-568h@2x.png in Resources */ = {isa = PBXBuildFile; fileRef = A8C945F21BB1406C0034183B /* Default-568h@2x.png */; };
		A8DC165E1B62912500FB5933 /* DynamicController.m in Sources */ = {isa = PBXBuildFile; fileRef = A8DC165D1B62912500FB5933 /* DynamicController.m */; };
		A8DC16661B629ACC00FB5933 /* BallView.m in Sources */ = {isa = PBXBuildFile; fileRef = A8DC16631B629ACC00FB5933 /* BallView.m */; };
		A8DC16671B629ACC00FB5933 /* NewtonsCradleView.m in Sources */ = {isa = PBXBuildFile; fileRef = A8DC16651B629ACC00FB5933 /* NewtonsCradleView.m */; };
/* End PBXBuildFile section */

/* Begin PBXContainerItemProxy section */
		A8AB86891B52ADEF009B6D52 /* PBXContainerItemProxy */ = {
			isa = PBXContainerItemProxy;
			containerPortal = A8AB86671B52ADEF009B6D52 /* Project object */;
			proxyType = 1;
			remoteGlobalIDString = A8AB866E1B52ADEF009B6D52;
			remoteInfo = DemoCollections;
		};
/* End PBXContainerItemProxy section */

/* Begin PBXFileReference section */
		0F515F2B6A4724F4FF922FF6 /* Pods.debug.xcconfig */ = {isa = PBXFileReference; includeInIndex = 1; lastKnownFileType = text.xcconfig; name = Pods.debug.xcconfig; path = "Pods/Target Support Files/Pods/Pods.debug.xcconfig"; sourceTree = "<group>"; };
		3D043E701B85CDA9008F0B4F /* UIImage+JR.h */ = {isa = PBXFileReference; fileEncoding = 4; lastKnownFileType = sourcecode.c.h; path = "UIImage+JR.h"; sourceTree = "<group>"; };
		3D043E711B85CDA9008F0B4F /* UIImage+JR.m */ = {isa = PBXFileReference; fileEncoding = 4; lastKnownFileType = sourcecode.c.objc; path = "UIImage+JR.m"; sourceTree = "<group>"; };
		3D05857D1B7A1990006A6903 /* QTPickerView.h */ = {isa = PBXFileReference; fileEncoding = 4; lastKnownFileType = sourcecode.c.h; path = QTPickerView.h; sourceTree = "<group>"; };
		3D05857E1B7A1990006A6903 /* QTPickerView.m */ = {isa = PBXFileReference; fileEncoding = 4; lastKnownFileType = sourcecode.c.objc; path = QTPickerView.m; sourceTree = "<group>"; };
		3D0DA4CC1BF0443C008AB8F0 /* chinese.strings */ = {isa = PBXFileReference; fileEncoding = 4; lastKnownFileType = text.plist.strings; path = chinese.strings; sourceTree = "<group>"; };
		3D223B151B6EFD0100C1F1B0 /* QTRecommendView.h */ = {isa = PBXFileReference; fileEncoding = 4; lastKnownFileType = sourcecode.c.h; path = QTRecommendView.h; sourceTree = "<group>"; };
		3D223B161B6EFD0100C1F1B0 /* QTRecommendView.m */ = {isa = PBXFileReference; fileEncoding = 4; lastKnownFileType = sourcecode.c.objc; path = QTRecommendView.m; sourceTree = "<group>"; };
		3D223B1B1B6EFEB100C1F1B0 /* QTRecommendViewCell.h */ = {isa = PBXFileReference; fileEncoding = 4; lastKnownFileType = sourcecode.c.h; path = QTRecommendViewCell.h; sourceTree = "<group>"; };
		3D223B1C1B6EFEB100C1F1B0 /* QTRecommendViewCell.m */ = {isa = PBXFileReference; fileEncoding = 4; lastKnownFileType = sourcecode.c.objc; path = QTRecommendViewCell.m; sourceTree = "<group>"; };
		3D223B1E1B6F00F400C1F1B0 /* RecommendTestViewController.h */ = {isa = PBXFileReference; fileEncoding = 4; lastKnownFileType = sourcecode.c.h; path = RecommendTestViewController.h; sourceTree = "<group>"; };
		3D223B1F1B6F00F400C1F1B0 /* RecommendTestViewController.m */ = {isa = PBXFileReference; fileEncoding = 4; lastKnownFileType = sourcecode.c.objc; path = RecommendTestViewController.m; sourceTree = "<group>"; };
		3D42F8691BF43F3800DF7B36 /* QTBounceMenuViewController.h */ = {isa = PBXFileReference; fileEncoding = 4; lastKnownFileType = sourcecode.c.h; path = QTBounceMenuViewController.h; sourceTree = "<group>"; };
		3D42F86A1BF43F3800DF7B36 /* QTBounceMenuViewController.m */ = {isa = PBXFileReference; fileEncoding = 4; lastKnownFileType = sourcecode.c.objc; path = QTBounceMenuViewController.m; sourceTree = "<group>"; };
		3D42F86C1BF43F5B00DF7B36 /* QTBounceMenuView.h */ = {isa = PBXFileReference; fileEncoding = 4; lastKnownFileType = sourcecode.c.h; path = QTBounceMenuView.h; sourceTree = "<group>"; };
		3D42F86D1BF43F5B00DF7B36 /* QTBounceMenuView.m */ = {isa = PBXFileReference; fileEncoding = 4; lastKnownFileType = sourcecode.c.objc; path = QTBounceMenuView.m; sourceTree = "<group>"; };
		3D4E6F471BF96FF300570F21 /* ico_xiangce@3x.png */ = {isa = PBXFileReference; lastKnownFileType = image.png; path = "ico_xiangce@3x.png"; sourceTree = "<group>"; };
		3D671D611BF5754D0078F5F9 /* DatePickerViewControllerTest.h */ = {isa = PBXFileReference; fileEncoding = 4; lastKnownFileType = sourcecode.c.h; path = DatePickerViewControllerTest.h; sourceTree = "<group>"; };
		3D671D621BF5754D0078F5F9 /* DatePickerViewControllerTest.m */ = {isa = PBXFileReference; fileEncoding = 4; lastKnownFileType = sourcecode.c.objc; path = DatePickerViewControllerTest.m; sourceTree = "<group>"; };
		3D671D641BF575A10078F5F9 /* QTCalendarViewController.h */ = {isa = PBXFileReference; fileEncoding = 4; lastKnownFileType = sourcecode.c.h; path = QTCalendarViewController.h; sourceTree = "<group>"; };
		3D671D651BF575A10078F5F9 /* QTCalendarViewController.m */ = {isa = PBXFileReference; fileEncoding = 4; lastKnownFileType = sourcecode.c.objc; path = QTCalendarViewController.m; sourceTree = "<group>"; };
		3D8524881B6B9B7200DA22FC /* QTActionSheet.h */ = {isa = PBXFileReference; fileEncoding = 4; lastKnownFileType = sourcecode.c.h; path = QTActionSheet.h; sourceTree = "<group>"; };
		3D8524891B6B9B7200DA22FC /* QTActionSheet.m */ = {isa = PBXFileReference; fileEncoding = 4; lastKnownFileType = sourcecode.c.objc; path = QTActionSheet.m; sourceTree = "<group>"; };
		3D85248A1B6B9B7200DA22FC /* QTActionSheetViewController.h */ = {isa = PBXFileReference; fileEncoding = 4; lastKnownFileType = sourcecode.c.h; path = QTActionSheetViewController.h; sourceTree = "<group>"; };
		3D85248B1B6B9B7200DA22FC /* QTActionSheetViewController.m */ = {isa = PBXFileReference; fileEncoding = 4; lastKnownFileType = sourcecode.c.objc; path = QTActionSheetViewController.m; sourceTree = "<group>"; };
		3D85248E1B6B9B9200DA22FC /* TableViewController.h */ = {isa = PBXFileReference; fileEncoding = 4; lastKnownFileType = sourcecode.c.h; path = TableViewController.h; sourceTree = "<group>"; };
		3D85248F1B6B9B9200DA22FC /* TableViewController.m */ = {isa = PBXFileReference; fileEncoding = 4; lastKnownFileType = sourcecode.c.objc; path = TableViewController.m; sourceTree = "<group>"; };
		3D8592A21BABF9DE0021D1B8 /* NavigationAnimationDemo.h */ = {isa = PBXFileReference; fileEncoding = 4; lastKnownFileType = sourcecode.c.h; path = NavigationAnimationDemo.h; sourceTree = "<group>"; };
		3D8592A31BABF9DE0021D1B8 /* NavigationAnimationDemo.m */ = {isa = PBXFileReference; fileEncoding = 4; lastKnownFileType = sourcecode.c.objc; path = NavigationAnimationDemo.m; sourceTree = "<group>"; };
		3D8592A61BAC0E330021D1B8 /* AnimationsController.h */ = {isa = PBXFileReference; fileEncoding = 4; lastKnownFileType = sourcecode.c.h; path = AnimationsController.h; sourceTree = "<group>"; };
		3D8592A71BAC0E330021D1B8 /* AnimationsController.m */ = {isa = PBXFileReference; fileEncoding = 4; lastKnownFileType = sourcecode.c.objc; path = AnimationsController.m; sourceTree = "<group>"; };
		3D8592A91BAC0E8D0021D1B8 /* Animation1.h */ = {isa = PBXFileReference; fileEncoding = 4; lastKnownFileType = sourcecode.c.h; path = Animation1.h; sourceTree = "<group>"; };
		3D8592AA1BAC0E8D0021D1B8 /* Animation1.m */ = {isa = PBXFileReference; fileEncoding = 4; lastKnownFileType = sourcecode.c.objc; path = Animation1.m; sourceTree = "<group>"; };
		3D8ACD101BF734ED00DC222E /* QTInvitationConfirmViewController.h */ = {isa = PBXFileReference; fileEncoding = 4; lastKnownFileType = sourcecode.c.h; path = QTInvitationConfirmViewController.h; sourceTree = "<group>"; };
		3D8ACD111BF734ED00DC222E /* QTInvitationConfirmViewController.m */ = {isa = PBXFileReference; fileEncoding = 4; lastKnownFileType = sourcecode.c.objc; path = QTInvitationConfirmViewController.m; sourceTree = "<group>"; };
		3D8ACD131BF736C500DC222E /* InvitationTestController.h */ = {isa = PBXFileReference; fileEncoding = 4; lastKnownFileType = sourcecode.c.h; path = InvitationTestController.h; sourceTree = "<group>"; };
		3D8ACD141BF736C500DC222E /* InvitationTestController.m */ = {isa = PBXFileReference; fileEncoding = 4; lastKnownFileType = sourcecode.c.objc; path = InvitationTestController.m; sourceTree = "<group>"; };
		3D9227401BA3D31C00F3B7E3 /* DemoCollections-Bridging-Header.h */ = {isa = PBXFileReference; lastKnownFileType = sourcecode.c.h; path = "DemoCollections-Bridging-Header.h"; sourceTree = "<group>"; };
		3D9227411BA3D31D00F3B7E3 /* TestViewControllerSwift.swift */ = {isa = PBXFileReference; fileEncoding = 4; lastKnownFileType = sourcecode.swift; path = TestViewControllerSwift.swift; sourceTree = "<group>"; };
		3DAE5B541B71BE29000383A0 /* TestViewController.h */ = {isa = PBXFileReference; fileEncoding = 4; lastKnownFileType = sourcecode.c.h; path = TestViewController.h; sourceTree = "<group>"; };
		3DAE5B551B71BE29000383A0 /* TestViewController.m */ = {isa = PBXFileReference; fileEncoding = 4; lastKnownFileType = sourcecode.c.objc; path = TestViewController.m; sourceTree = "<group>"; };
		3DC3636E1BCC9DB00044DE63 /* Launch Screen.storyboard */ = {isa = PBXFileReference; fileEncoding = 4; lastKnownFileType = file.storyboard; path = "Launch Screen.storyboard"; sourceTree = "<group>"; };
		3DC79D7E1B72F04B002B1382 /* Main.storyboard */ = {isa = PBXFileReference; fileEncoding = 4; lastKnownFileType = file.storyboard; path = Main.storyboard; sourceTree = "<group>"; };
		3DE192CC1BCBA91D0082DDA0 /* QRDemoViewController.h */ = {isa = PBXFileReference; fileEncoding = 4; lastKnownFileType = sourcecode.c.h; path = QRDemoViewController.h; sourceTree = "<group>"; };
		3DE192CD1BCBA91D0082DDA0 /* QRDemoViewController.m */ = {isa = PBXFileReference; fileEncoding = 4; lastKnownFileType = sourcecode.c.objc; path = QRDemoViewController.m; sourceTree = "<group>"; };
		3DE192CF1BCBA9430082DDA0 /* QTQRUtil.h */ = {isa = PBXFileReference; fileEncoding = 4; lastKnownFileType = sourcecode.c.h; path = QTQRUtil.h; sourceTree = "<group>"; };
		3DE192D01BCBA9430082DDA0 /* QTQRUtil.m */ = {isa = PBXFileReference; fileEncoding = 4; lastKnownFileType = sourcecode.c.objc; path = QTQRUtil.m; sourceTree = "<group>"; };
		3DE192D21BCBB0090082DDA0 /* QTQRScanViewController.h */ = {isa = PBXFileReference; fileEncoding = 4; lastKnownFileType = sourcecode.c.h; path = QTQRScanViewController.h; sourceTree = "<group>"; };
		3DE192D31BCBB0090082DDA0 /* QTQRScanViewController.m */ = {isa = PBXFileReference; fileEncoding = 4; lastKnownFileType = sourcecode.c.objc; path = QTQRScanViewController.m; sourceTree = "<group>"; };
		3DE9F76B1B704F930072F24B /* QTAlertView.h */ = {isa = PBXFileReference; fileEncoding = 4; lastKnownFileType = sourcecode.c.h; path = QTAlertView.h; sourceTree = "<group>"; };
		3DE9F76C1B704F930072F24B /* QTAlertView.m */ = {isa = PBXFileReference; fileEncoding = 4; lastKnownFileType = sourcecode.c.objc; path = QTAlertView.m; sourceTree = "<group>"; };
		3DE9F76E1B705ABE0072F24B /* QTAlertViewViewController.h */ = {isa = PBXFileReference; fileEncoding = 4; lastKnownFileType = sourcecode.c.h; path = QTAlertViewViewController.h; sourceTree = "<group>"; };
		3DE9F76F1B705ABE0072F24B /* QTAlertViewViewController.m */ = {isa = PBXFileReference; fileEncoding = 4; lastKnownFileType = sourcecode.c.objc; path = QTAlertViewViewController.m; sourceTree = "<group>"; };
		6AD81BD45849FF5CF73D6E14 /* Pods.release.xcconfig */ = {isa = PBXFileReference; includeInIndex = 1; lastKnownFileType = text.xcconfig; name = Pods.release.xcconfig; path = "Pods/Target Support Files/Pods/Pods.release.xcconfig"; sourceTree = "<group>"; };
		A842CF4D1B5D28E50015464E /* NSDate+Extension.h */ = {isa = PBXFileReference; fileEncoding = 4; lastKnownFileType = sourcecode.c.h; path = "NSDate+Extension.h"; sourceTree = "<group>"; };
		A842CF4E1B5D28E50015464E /* NSDate+Extension.m */ = {isa = PBXFileReference; fileEncoding = 4; lastKnownFileType = sourcecode.c.objc; path = "NSDate+Extension.m"; sourceTree = "<group>"; };
		A84643971B5A8EDD009322F1 /* QTTagListView.h */ = {isa = PBXFileReference; fileEncoding = 4; lastKnownFileType = sourcecode.c.h; path = QTTagListView.h; sourceTree = "<group>"; };
		A84643981B5A8EDD009322F1 /* QTTagListView.m */ = {isa = PBXFileReference; fileEncoding = 4; lastKnownFileType = sourcecode.c.objc; path = QTTagListView.m; sourceTree = "<group>"; };
		A846439A1B5A9F68009322F1 /* abc.png */ = {isa = PBXFileReference; lastKnownFileType = image.png; path = abc.png; sourceTree = "<group>"; };
		A8771A251B652344009602D3 /* UIView+Extension.h */ = {isa = PBXFileReference; fileEncoding = 4; lastKnownFileType = sourcecode.c.h; path = "UIView+Extension.h"; sourceTree = "<group>"; };
		A8771A261B652344009602D3 /* UIView+Extension.m */ = {isa = PBXFileReference; fileEncoding = 4; lastKnownFileType = sourcecode.c.objc; path = "UIView+Extension.m"; sourceTree = "<group>"; };
		A878D5711BB4173D005F3BF2 /* UIWindow+Extension.h */ = {isa = PBXFileReference; fileEncoding = 4; lastKnownFileType = sourcecode.c.h; path = "UIWindow+Extension.h"; sourceTree = "<group>"; };
		A878D5721BB4173D005F3BF2 /* UIWindow+Extension.m */ = {isa = PBXFileReference; fileEncoding = 4; lastKnownFileType = sourcecode.c.objc; path = "UIWindow+Extension.m"; sourceTree = "<group>"; };
		A878D5731BB4173D005F3BF2 /* ViewController.h */ = {isa = PBXFileReference; fileEncoding = 4; lastKnownFileType = sourcecode.c.h; path = ViewController.h; sourceTree = "<group>"; };
		A878D5741BB4173D005F3BF2 /* ViewController.m */ = {isa = PBXFileReference; fileEncoding = 4; lastKnownFileType = sourcecode.c.objc; path = ViewController.m; sourceTree = "<group>"; };
		A88AACB51B5B744F00FBBFA7 /* QTTagListTestViewController.h */ = {isa = PBXFileReference; fileEncoding = 4; lastKnownFileType = sourcecode.c.h; path = QTTagListTestViewController.h; sourceTree = "<group>"; };
		A88AACB61B5B744F00FBBFA7 /* QTTagListTestViewController.m */ = {isa = PBXFileReference; fileEncoding = 4; lastKnownFileType = sourcecode.c.objc; path = QTTagListTestViewController.m; sourceTree = "<group>"; };
		A88AACBF1B5B7F1500FBBFA7 /* QTPickerViewController.h */ = {isa = PBXFileReference; fileEncoding = 4; lastKnownFileType = sourcecode.c.h; path = QTPickerViewController.h; sourceTree = "<group>"; };
		A88AACC01B5B7F1500FBBFA7 /* QTPickerViewController.m */ = {isa = PBXFileReference; fileEncoding = 4; lastKnownFileType = sourcecode.c.objc; path = QTPickerViewController.m; sourceTree = "<group>"; };
		A89973C11BE886B9006E18CB /* PopupViewTestController.h */ = {isa = PBXFileReference; fileEncoding = 4; lastKnownFileType = sourcecode.c.h; path = PopupViewTestController.h; sourceTree = "<group>"; };
		A89973C21BE886B9006E18CB /* PopupViewTestController.m */ = {isa = PBXFileReference; fileEncoding = 4; lastKnownFileType = sourcecode.c.objc; path = PopupViewTestController.m; sourceTree = "<group>"; };
		A89973C41BE886E9006E18CB /* QTPopupView.h */ = {isa = PBXFileReference; fileEncoding = 4; lastKnownFileType = sourcecode.c.h; path = QTPopupView.h; sourceTree = "<group>"; };
		A89973C51BE886E9006E18CB /* QTPopupView.m */ = {isa = PBXFileReference; fileEncoding = 4; lastKnownFileType = sourcecode.c.objc; path = QTPopupView.m; sourceTree = "<group>"; };
		A8AB866F1B52ADEF009B6D52 /* DemoCollections.app */ = {isa = PBXFileReference; explicitFileType = wrapper.application; includeInIndex = 0; path = DemoCollections.app; sourceTree = BUILT_PRODUCTS_DIR; };
		A8AB86731B52ADEF009B6D52 /* Info.plist */ = {isa = PBXFileReference; lastKnownFileType = text.plist.xml; path = Info.plist; sourceTree = "<group>"; };
		A8AB867F1B52ADEF009B6D52 /* Images.xcassets */ = {isa = PBXFileReference; lastKnownFileType = folder.assetcatalog; path = Images.xcassets; sourceTree = "<group>"; };
		A8AB86881B52ADEF009B6D52 /* DemoCollectionsTests.xctest */ = {isa = PBXFileReference; explicitFileType = wrapper.cfbundle; includeInIndex = 0; path = DemoCollectionsTests.xctest; sourceTree = BUILT_PRODUCTS_DIR; };
		A8AB868D1B52ADEF009B6D52 /* Info.plist */ = {isa = PBXFileReference; lastKnownFileType = text.plist.xml; path = Info.plist; sourceTree = "<group>"; };
		A8AB868E1B52ADEF009B6D52 /* DemoCollectionsTests.m */ = {isa = PBXFileReference; lastKnownFileType = sourcecode.c.objc; path = DemoCollectionsTests.m; sourceTree = "<group>"; };
		A8AB869A1B52AE4C009B6D52 /* AppDelegate.h */ = {isa = PBXFileReference; fileEncoding = 4; lastKnownFileType = sourcecode.c.h; path = AppDelegate.h; sourceTree = "<group>"; };
		A8AB869B1B52AE4C009B6D52 /* AppDelegate.m */ = {isa = PBXFileReference; fileEncoding = 4; lastKnownFileType = sourcecode.c.objc; path = AppDelegate.m; sourceTree = "<group>"; };
		A8AB869E1B52AE4C009B6D52 /* main.m */ = {isa = PBXFileReference; fileEncoding = 4; lastKnownFileType = sourcecode.c.objc; path = main.m; sourceTree = "<group>"; };
		A8AB88C81B52AEEA009B6D52 /* QTSelectionView.h */ = {isa = PBXFileReference; fileEncoding = 4; lastKnownFileType = sourcecode.c.h; path = QTSelectionView.h; sourceTree = "<group>"; };
		A8AB88C91B52AEEA009B6D52 /* QTSelectionView.m */ = {isa = PBXFileReference; fileEncoding = 4; lastKnownFileType = sourcecode.c.objc; path = QTSelectionView.m; sourceTree = "<group>"; };
		A8AB88D11B52B247009B6D52 /* QTTestViewController.h */ = {isa = PBXFileReference; fileEncoding = 4; lastKnownFileType = sourcecode.c.h; path = QTTestViewController.h; sourceTree = "<group>"; };
		A8AB88D21B52B247009B6D52 /* QTTestViewController.m */ = {isa = PBXFileReference; fileEncoding = 4; lastKnownFileType = sourcecode.c.objc; path = QTTestViewController.m; sourceTree = "<group>"; };
		A8AB88D41B52B2D5009B6D52 /* QTMultiTableView.h */ = {isa = PBXFileReference; fileEncoding = 4; lastKnownFileType = sourcecode.c.h; path = QTMultiTableView.h; sourceTree = "<group>"; };
		A8AB88D51B52B2D5009B6D52 /* QTMultiTableView.m */ = {isa = PBXFileReference; fileEncoding = 4; lastKnownFileType = sourcecode.c.objc; path = QTMultiTableView.m; sourceTree = "<group>"; };
		A8C945EF1BB1406C0034183B /* Default@2x.png */ = {isa = PBXFileReference; lastKnownFileType = image.png; path = "Default@2x.png"; sourceTree = "<group>"; };
		A8C945F01BB1406C0034183B /* Default-736h@3x.png */ = {isa = PBXFileReference; lastKnownFileType = image.png; path = "Default-736h@3x.png"; sourceTree = "<group>"; };
		A8C945F11BB1406C0034183B /* Default-667h@2x.png */ = {isa = PBXFileReference; lastKnownFileType = image.png; path = "Default-667h@2x.png"; sourceTree = "<group>"; };
		A8C945F21BB1406C0034183B /* Default-568h@2x.png */ = {isa = PBXFileReference; lastKnownFileType = image.png; path = "Default-568h@2x.png"; sourceTree = "<group>"; };
		A8D5793D1B5AAAD100824E82 /* Prefix.pch */ = {isa = PBXFileReference; lastKnownFileType = sourcecode.c.h; path = Prefix.pch; sourceTree = "<group>"; };
		A8DC165C1B62912500FB5933 /* DynamicController.h */ = {isa = PBXFileReference; fileEncoding = 4; lastKnownFileType = sourcecode.c.h; path = DynamicController.h; sourceTree = "<group>"; };
		A8DC165D1B62912500FB5933 /* DynamicController.m */ = {isa = PBXFileReference; fileEncoding = 4; lastKnownFileType = sourcecode.c.objc; path = DynamicController.m; sourceTree = "<group>"; };
		A8DC16621B629ACC00FB5933 /* BallView.h */ = {isa = PBXFileReference; fileEncoding = 4; lastKnownFileType = sourcecode.c.h; path = BallView.h; sourceTree = "<group>"; };
		A8DC16631B629ACC00FB5933 /* BallView.m */ = {isa = PBXFileReference; fileEncoding = 4; lastKnownFileType = sourcecode.c.objc; path = BallView.m; sourceTree = "<group>"; };
		A8DC16641B629ACC00FB5933 /* NewtonsCradleView.h */ = {isa = PBXFileReference; fileEncoding = 4; lastKnownFileType = sourcecode.c.h; path = NewtonsCradleView.h; sourceTree = "<group>"; };
		A8DC16651B629ACC00FB5933 /* NewtonsCradleView.m */ = {isa = PBXFileReference; fileEncoding = 4; lastKnownFileType = sourcecode.c.objc; path = NewtonsCradleView.m; sourceTree = "<group>"; };
		B29F2A1BC3E8450193D0F0C1 /* libPods.a */ = {isa = PBXFileReference; explicitFileType = archive.ar; includeInIndex = 0; path = libPods.a; sourceTree = BUILT_PRODUCTS_DIR; };
/* End PBXFileReference section */

/* Begin PBXFrameworksBuildPhase section */
		A8AB866C1B52ADEF009B6D52 /* Frameworks */ = {
			isa = PBXFrameworksBuildPhase;
			buildActionMask = 2147483647;
			files = (
				5EA5047ED4EA80C70C2396D5 /* libPods.a in Frameworks */,
			);
			runOnlyForDeploymentPostprocessing = 0;
		};
		A8AB86851B52ADEF009B6D52 /* Frameworks */ = {
			isa = PBXFrameworksBuildPhase;
			buildActionMask = 2147483647;
			files = (
			);
			runOnlyForDeploymentPostprocessing = 0;
		};
/* End PBXFrameworksBuildPhase section */

/* Begin PBXGroup section */
		3A89197E0F38D25F8956C4C7 /* Pods */ = {
			isa = PBXGroup;
			children = (
				0F515F2B6A4724F4FF922FF6 /* Pods.debug.xcconfig */,
				6AD81BD45849FF5CF73D6E14 /* Pods.release.xcconfig */,
			);
			name = Pods;
			sourceTree = "<group>";
		};
		3D223B141B6EFCF600C1F1B0 /* QTRecommendView */ = {
			isa = PBXGroup;
			children = (
				3D223B151B6EFD0100C1F1B0 /* QTRecommendView.h */,
				3D223B161B6EFD0100C1F1B0 /* QTRecommendView.m */,
				3D223B1B1B6EFEB100C1F1B0 /* QTRecommendViewCell.h */,
				3D223B1C1B6EFEB100C1F1B0 /* QTRecommendViewCell.m */,
				3D223B1E1B6F00F400C1F1B0 /* RecommendTestViewController.h */,
				3D223B1F1B6F00F400C1F1B0 /* RecommendTestViewController.m */,
			);
			path = QTRecommendView;
			sourceTree = "<group>";
		};
		3D42F8681BF43F1B00DF7B36 /* QTBounceMenuView */ = {
			isa = PBXGroup;
			children = (
				3D42F8691BF43F3800DF7B36 /* QTBounceMenuViewController.h */,
				3D42F86A1BF43F3800DF7B36 /* QTBounceMenuViewController.m */,
				3D42F86C1BF43F5B00DF7B36 /* QTBounceMenuView.h */,
				3D42F86D1BF43F5B00DF7B36 /* QTBounceMenuView.m */,
			);
			path = QTBounceMenuView;
			sourceTree = "<group>";
		};
		3D7FADBE1BF4BFCA000717BA /* QTDatePickerViewController */ = {
			isa = PBXGroup;
			children = (
				3D671D611BF5754D0078F5F9 /* DatePickerViewControllerTest.h */,
				3D671D621BF5754D0078F5F9 /* DatePickerViewControllerTest.m */,
				3D671D641BF575A10078F5F9 /* QTCalendarViewController.h */,
				3D671D651BF575A10078F5F9 /* QTCalendarViewController.m */,
			);
			path = QTDatePickerViewController;
			sourceTree = "<group>";
		};
		3D8524871B6B9B7200DA22FC /* QTActionSheet */ = {
			isa = PBXGroup;
			children = (
				3D8524881B6B9B7200DA22FC /* QTActionSheet.h */,
				3D8524891B6B9B7200DA22FC /* QTActionSheet.m */,
				3D85248A1B6B9B7200DA22FC /* QTActionSheetViewController.h */,
				3D85248B1B6B9B7200DA22FC /* QTActionSheetViewController.m */,
			);
			path = QTActionSheet;
			sourceTree = "<group>";
		};
		3D8592A11BABF9C30021D1B8 /* NavigationAnimation */ = {
			isa = PBXGroup;
			children = (
				3D8592A21BABF9DE0021D1B8 /* NavigationAnimationDemo.h */,
				3D8592A31BABF9DE0021D1B8 /* NavigationAnimationDemo.m */,
			);
			path = NavigationAnimation;
			sourceTree = "<group>";
		};
		3D8592A51BAC0DFC0021D1B8 /* Animations */ = {
			isa = PBXGroup;
			children = (
				3D8592A61BAC0E330021D1B8 /* AnimationsController.h */,
				3D8592A71BAC0E330021D1B8 /* AnimationsController.m */,
				3D8592A91BAC0E8D0021D1B8 /* Animation1.h */,
				3D8592AA1BAC0E8D0021D1B8 /* Animation1.m */,
			);
			path = Animations;
			sourceTree = "<group>";
		};
		3D8ACD0F1BF734CF00DC222E /* QTInvitationConfirmController */ = {
			isa = PBXGroup;
			children = (
				3D8ACD101BF734ED00DC222E /* QTInvitationConfirmViewController.h */,
				3D8ACD111BF734ED00DC222E /* QTInvitationConfirmViewController.m */,
				3D8ACD131BF736C500DC222E /* InvitationTestController.h */,
				3D8ACD141BF736C500DC222E /* InvitationTestController.m */,
			);
			path = QTInvitationConfirmController;
			sourceTree = "<group>";
		};
		3DAE5B531B71BE1D000383A0 /* Test */ = {
			isa = PBXGroup;
			children = (
				3DAE5B541B71BE29000383A0 /* TestViewController.h */,
				3DAE5B551B71BE29000383A0 /* TestViewController.m */,
				3D9227411BA3D31D00F3B7E3 /* TestViewControllerSwift.swift */,
				3D9227401BA3D31C00F3B7E3 /* DemoCollections-Bridging-Header.h */,
			);
			path = Test;
			sourceTree = "<group>";
		};
		3DE192C91BCBA9010082DDA0 /* QRDemo */ = {
			isa = PBXGroup;
			children = (
				3DE192CF1BCBA9430082DDA0 /* QTQRUtil.h */,
				3DE192D01BCBA9430082DDA0 /* QTQRUtil.m */,
				3DE192CC1BCBA91D0082DDA0 /* QRDemoViewController.h */,
				3DE192CD1BCBA91D0082DDA0 /* QRDemoViewController.m */,
				3DE192D21BCBB0090082DDA0 /* QTQRScanViewController.h */,
				3DE192D31BCBB0090082DDA0 /* QTQRScanViewController.m */,
			);
			path = QRDemo;
			sourceTree = "<group>";
		};
		3DE9F76A1B704F850072F24B /* QTAlertView */ = {
			isa = PBXGroup;
			children = (
				3DE9F76B1B704F930072F24B /* QTAlertView.h */,
				3DE9F76C1B704F930072F24B /* QTAlertView.m */,
				3DE9F76E1B705ABE0072F24B /* QTAlertViewViewController.h */,
				3DE9F76F1B705ABE0072F24B /* QTAlertViewViewController.m */,
			);
			path = QTAlertView;
			sourceTree = "<group>";
		};
		4BFD61CF78AB24B36E45D827 /* Frameworks */ = {
			isa = PBXGroup;
			children = (
				B29F2A1BC3E8450193D0F0C1 /* libPods.a */,
			);
			name = Frameworks;
			sourceTree = "<group>";
		};
		A84643961B5A8EB4009322F1 /* QTTagListView */ = {
			isa = PBXGroup;
			children = (
				A84643971B5A8EDD009322F1 /* QTTagListView.h */,
				A84643981B5A8EDD009322F1 /* QTTagListView.m */,
				A88AACB51B5B744F00FBBFA7 /* QTTagListTestViewController.h */,
				A88AACB61B5B744F00FBBFA7 /* QTTagListTestViewController.m */,
			);
			path = QTTagListView;
			sourceTree = "<group>";
		};
		A878D5701BB4173D005F3BF2 /* WindowExtension */ = {
			isa = PBXGroup;
			children = (
				A878D5711BB4173D005F3BF2 /* UIWindow+Extension.h */,
				A878D5721BB4173D005F3BF2 /* UIWindow+Extension.m */,
				A878D5731BB4173D005F3BF2 /* ViewController.h */,
				A878D5741BB4173D005F3BF2 /* ViewController.m */,
			);
			path = WindowExtension;
			sourceTree = "<group>";
		};
		A88AACBB1B5B783900FBBFA7 /* QTPickerView */ = {
			isa = PBXGroup;
			children = (
				3D05857D1B7A1990006A6903 /* QTPickerView.h */,
				3D05857E1B7A1990006A6903 /* QTPickerView.m */,
				A88AACBF1B5B7F1500FBBFA7 /* QTPickerViewController.h */,
				A88AACC01B5B7F1500FBBFA7 /* QTPickerViewController.m */,
			);
			path = QTPickerView;
			sourceTree = "<group>";
		};
		A89973C01BE886A3006E18CB /* PopupView */ = {
			isa = PBXGroup;
			children = (
				A89973C11BE886B9006E18CB /* PopupViewTestController.h */,
				A89973C21BE886B9006E18CB /* PopupViewTestController.m */,
				A89973C41BE886E9006E18CB /* QTPopupView.h */,
				A89973C51BE886E9006E18CB /* QTPopupView.m */,
			);
			path = PopupView;
			sourceTree = "<group>";
		};
		A8AB86661B52ADEF009B6D52 = {
			isa = PBXGroup;
			children = (
				A8AB86711B52ADEF009B6D52 /* DemoCollections */,
				A8AB868B1B52ADEF009B6D52 /* DemoCollectionsTests */,
				A8AB86701B52ADEF009B6D52 /* Products */,
				3A89197E0F38D25F8956C4C7 /* Pods */,
				4BFD61CF78AB24B36E45D827 /* Frameworks */,
			);
			sourceTree = "<group>";
		};
		A8AB86701B52ADEF009B6D52 /* Products */ = {
			isa = PBXGroup;
			children = (
				A8AB866F1B52ADEF009B6D52 /* DemoCollections.app */,
				A8AB86881B52ADEF009B6D52 /* DemoCollectionsTests.xctest */,
			);
			name = Products;
			sourceTree = "<group>";
		};
		A8AB86711B52ADEF009B6D52 /* DemoCollections */ = {
			isa = PBXGroup;
			children = (
				A8AB86981B52AE4C009B6D52 /* classes */,
				A8AB86721B52ADEF009B6D52 /* Supporting Files */,
				3D0DA4CC1BF0443C008AB8F0 /* chinese.strings */,
			);
			path = DemoCollections;
			sourceTree = "<group>";
		};
		A8AB86721B52ADEF009B6D52 /* Supporting Files */ = {
			isa = PBXGroup;
			children = (
				A8C945EF1BB1406C0034183B /* Default@2x.png */,
				A8C945F01BB1406C0034183B /* Default-736h@3x.png */,
				A8C945F11BB1406C0034183B /* Default-667h@2x.png */,
				A8C945F21BB1406C0034183B /* Default-568h@2x.png */,
				A8D5793D1B5AAAD100824E82 /* Prefix.pch */,
				3DC79D7E1B72F04B002B1382 /* Main.storyboard */,
				A846439A1B5A9F68009322F1 /* abc.png */,
				3D4E6F471BF96FF300570F21 /* ico_xiangce@3x.png */,
				A8AB867F1B52ADEF009B6D52 /* Images.xcassets */,
				A8AB86731B52ADEF009B6D52 /* Info.plist */,
				3DC3636E1BCC9DB00044DE63 /* Launch Screen.storyboard */,
			);
			name = "Supporting Files";
			sourceTree = "<group>";
		};
		A8AB868B1B52ADEF009B6D52 /* DemoCollectionsTests */ = {
			isa = PBXGroup;
			children = (
				A8AB868E1B52ADEF009B6D52 /* DemoCollectionsTests.m */,
				A8AB868C1B52ADEF009B6D52 /* Supporting Files */,
			);
			path = DemoCollectionsTests;
			sourceTree = "<group>";
		};
		A8AB868C1B52ADEF009B6D52 /* Supporting Files */ = {
			isa = PBXGroup;
			children = (
				A8AB868D1B52ADEF009B6D52 /* Info.plist */,
			);
			name = "Supporting Files";
			sourceTree = "<group>";
		};
		A8AB86981B52AE4C009B6D52 /* classes */ = {
			isa = PBXGroup;
			children = (
				3D85248E1B6B9B9200DA22FC /* TableViewController.h */,
				3D85248F1B6B9B9200DA22FC /* TableViewController.m */,
				3D8ACD0F1BF734CF00DC222E /* QTInvitationConfirmController */,
				3D7FADBE1BF4BFCA000717BA /* QTDatePickerViewController */,
				3D42F8681BF43F1B00DF7B36 /* QTBounceMenuView */,
				3DE192C91BCBA9010082DDA0 /* QRDemo */,
				A89973C01BE886A3006E18CB /* PopupView */,
				3DE9F76A1B704F850072F24B /* QTAlertView */,
				3D223B141B6EFCF600C1F1B0 /* QTRecommendView */,
				3D8524871B6B9B7200DA22FC /* QTActionSheet */,
				A8DC165B1B62910600FB5933 /* QTDynamicDemo */,
				A88AACBB1B5B783900FBBFA7 /* QTPickerView */,
				A84643961B5A8EB4009322F1 /* QTTagListView */,
				3DAE5B531B71BE1D000383A0 /* Test */,
				A8AB88C71B52AEEA009B6D52 /* QTSelectionView */,
				A878D5701BB4173D005F3BF2 /* WindowExtension */,
				3D8592A11BABF9C30021D1B8 /* NavigationAnimation */,
				3D8592A51BAC0DFC0021D1B8 /* Animations */,
				A8AB86991B52AE4C009B6D52 /* other */,
			);
			path = classes;
			sourceTree = "<group>";
		};
		A8AB86991B52AE4C009B6D52 /* other */ = {
			isa = PBXGroup;
			children = (
				A8AB869D1B52AE4C009B6D52 /* lib */,
				A8AB869C1B52AE4C009B6D52 /* category */,
				A8AB869A1B52AE4C009B6D52 /* AppDelegate.h */,
				A8AB869B1B52AE4C009B6D52 /* AppDelegate.m */,
				A8AB869E1B52AE4C009B6D52 /* main.m */,
			);
			path = other;
			sourceTree = "<group>";
		};
		A8AB869C1B52AE4C009B6D52 /* category */ = {
			isa = PBXGroup;
			children = (
				3D043E701B85CDA9008F0B4F /* UIImage+JR.h */,
				3D043E711B85CDA9008F0B4F /* UIImage+JR.m */,
				A8771A251B652344009602D3 /* UIView+Extension.h */,
				A8771A261B652344009602D3 /* UIView+Extension.m */,
				A842CF4D1B5D28E50015464E /* NSDate+Extension.h */,
				A842CF4E1B5D28E50015464E /* NSDate+Extension.m */,
			);
			path = category;
			sourceTree = "<group>";
		};
		A8AB869D1B52AE4C009B6D52 /* lib */ = {
			isa = PBXGroup;
			children = (
			);
			path = lib;
			sourceTree = "<group>";
		};
		A8AB88C71B52AEEA009B6D52 /* QTSelectionView */ = {
			isa = PBXGroup;
			children = (
				A8AB88C81B52AEEA009B6D52 /* QTSelectionView.h */,
				A8AB88C91B52AEEA009B6D52 /* QTSelectionView.m */,
				A8AB88D41B52B2D5009B6D52 /* QTMultiTableView.h */,
				A8AB88D51B52B2D5009B6D52 /* QTMultiTableView.m */,
				A8AB88D11B52B247009B6D52 /* QTTestViewController.h */,
				A8AB88D21B52B247009B6D52 /* QTTestViewController.m */,
			);
			path = QTSelectionView;
			sourceTree = "<group>";
		};
		A8DC165B1B62910600FB5933 /* QTDynamicDemo */ = {
			isa = PBXGroup;
			children = (
				A8DC165C1B62912500FB5933 /* DynamicController.h */,
				A8DC165D1B62912500FB5933 /* DynamicController.m */,
				A8DC16621B629ACC00FB5933 /* BallView.h */,
				A8DC16631B629ACC00FB5933 /* BallView.m */,
				A8DC16641B629ACC00FB5933 /* NewtonsCradleView.h */,
				A8DC16651B629ACC00FB5933 /* NewtonsCradleView.m */,
			);
			path = QTDynamicDemo;
			sourceTree = "<group>";
		};
/* End PBXGroup section */

/* Begin PBXNativeTarget section */
		A8AB866E1B52ADEF009B6D52 /* DemoCollections */ = {
			isa = PBXNativeTarget;
			buildConfigurationList = A8AB86921B52ADEF009B6D52 /* Build configuration list for PBXNativeTarget "DemoCollections" */;
			buildPhases = (
				6F9A297403414187F6963CA6 /* Check Pods Manifest.lock */,
				A8AB866B1B52ADEF009B6D52 /* Sources */,
				A8AB866C1B52ADEF009B6D52 /* Frameworks */,
				A8AB866D1B52ADEF009B6D52 /* Resources */,
				B05166689E7E3B4AA1271C1B /* Embed Pods Frameworks */,
				5371E9A808A46FB52ACA70EF /* Copy Pods Resources */,
			);
			buildRules = (
			);
			dependencies = (
			);
			name = DemoCollections;
			productName = DemoCollections;
			productReference = A8AB866F1B52ADEF009B6D52 /* DemoCollections.app */;
			productType = "com.apple.product-type.application";
		};
		A8AB86871B52ADEF009B6D52 /* DemoCollectionsTests */ = {
			isa = PBXNativeTarget;
			buildConfigurationList = A8AB86951B52ADEF009B6D52 /* Build configuration list for PBXNativeTarget "DemoCollectionsTests" */;
			buildPhases = (
				A8AB86841B52ADEF009B6D52 /* Sources */,
				A8AB86851B52ADEF009B6D52 /* Frameworks */,
				A8AB86861B52ADEF009B6D52 /* Resources */,
			);
			buildRules = (
			);
			dependencies = (
				A8AB868A1B52ADEF009B6D52 /* PBXTargetDependency */,
			);
			name = DemoCollectionsTests;
			productName = DemoCollectionsTests;
			productReference = A8AB86881B52ADEF009B6D52 /* DemoCollectionsTests.xctest */;
			productType = "com.apple.product-type.bundle.unit-test";
		};
/* End PBXNativeTarget section */

/* Begin PBXProject section */
		A8AB86671B52ADEF009B6D52 /* Project object */ = {
			isa = PBXProject;
			attributes = {
				LastSwiftMigration = 0700;
				LastSwiftUpdateCheck = 0700;
				LastUpgradeCheck = 0640;
				ORGANIZATIONNAME = "王俊仁";
				TargetAttributes = {
					A8AB866E1B52ADEF009B6D52 = {
						CreatedOnToolsVersion = 6.4;
						DevelopmentTeam = 8QL22JREKT;
					};
					A8AB86871B52ADEF009B6D52 = {
						CreatedOnToolsVersion = 6.4;
						TestTargetID = A8AB866E1B52ADEF009B6D52;
					};
				};
			};
			buildConfigurationList = A8AB866A1B52ADEF009B6D52 /* Build configuration list for PBXProject "DemoCollections" */;
			compatibilityVersion = "Xcode 3.2";
			developmentRegion = English;
			hasScannedForEncodings = 0;
			knownRegions = (
				en,
				Base,
			);
			mainGroup = A8AB86661B52ADEF009B6D52;
			productRefGroup = A8AB86701B52ADEF009B6D52 /* Products */;
			projectDirPath = "";
			projectRoot = "";
			targets = (
				A8AB866E1B52ADEF009B6D52 /* DemoCollections */,
				A8AB86871B52ADEF009B6D52 /* DemoCollectionsTests */,
			);
		};
/* End PBXProject section */

/* Begin PBXResourcesBuildPhase section */
		A8AB866D1B52ADEF009B6D52 /* Resources */ = {
			isa = PBXResourcesBuildPhase;
			buildActionMask = 2147483647;
			files = (
				A846439B1B5A9F68009322F1 /* abc.png in Resources */,
				A8C945F61BB1406C0034183B /* Default-568h@2x.png in Resources */,
				A8C945F41BB1406C0034183B /* Default-736h@3x.png in Resources */,
				3D4E6F481BF96FF300570F21 /* ico_xiangce@3x.png in Resources */,
				A8C945F51BB1406C0034183B /* Default-667h@2x.png in Resources */,
				3DC79D801B72F04B002B1382 /* Main.storyboard in Resources */,
				A8C945F31BB1406C0034183B /* Default@2x.png in Resources */,
				3DC3636F1BCC9DB00044DE63 /* Launch Screen.storyboard in Resources */,
				A8AB86801B52ADEF009B6D52 /* Images.xcassets in Resources */,
				3D0DA4CD1BF0443C008AB8F0 /* chinese.strings in Resources */,
			);
			runOnlyForDeploymentPostprocessing = 0;
		};
		A8AB86861B52ADEF009B6D52 /* Resources */ = {
			isa = PBXResourcesBuildPhase;
			buildActionMask = 2147483647;
			files = (
			);
			runOnlyForDeploymentPostprocessing = 0;
		};
/* End PBXResourcesBuildPhase section */

/* Begin PBXShellScriptBuildPhase section */
		5371E9A808A46FB52ACA70EF /* Copy Pods Resources */ = {
			isa = PBXShellScriptBuildPhase;
			buildActionMask = 2147483647;
			files = (
			);
			inputPaths = (
			);
			name = "Copy Pods Resources";
			outputPaths = (
			);
			runOnlyForDeploymentPostprocessing = 0;
			shellPath = /bin/sh;
			shellScript = "\"${SRCROOT}/Pods/Target Support Files/Pods/Pods-resources.sh\"\n";
			showEnvVarsInLog = 0;
		};
		6F9A297403414187F6963CA6 /* Check Pods Manifest.lock */ = {
			isa = PBXShellScriptBuildPhase;
			buildActionMask = 2147483647;
			files = (
			);
			inputPaths = (
			);
			name = "Check Pods Manifest.lock";
			outputPaths = (
			);
			runOnlyForDeploymentPostprocessing = 0;
			shellPath = /bin/sh;
			shellScript = "diff \"${PODS_ROOT}/../Podfile.lock\" \"${PODS_ROOT}/Manifest.lock\" > /dev/null\nif [[ $? != 0 ]] ; then\n    cat << EOM\nerror: The sandbox is not in sync with the Podfile.lock. Run 'pod install' or update your CocoaPods installation.\nEOM\n    exit 1\nfi\n";
			showEnvVarsInLog = 0;
		};
		B05166689E7E3B4AA1271C1B /* Embed Pods Frameworks */ = {
			isa = PBXShellScriptBuildPhase;
			buildActionMask = 2147483647;
			files = (
			);
			inputPaths = (
			);
			name = "Embed Pods Frameworks";
			outputPaths = (
			);
			runOnlyForDeploymentPostprocessing = 0;
			shellPath = /bin/sh;
			shellScript = "\"${SRCROOT}/Pods/Target Support Files/Pods/Pods-frameworks.sh\"\n";
			showEnvVarsInLog = 0;
		};
/* End PBXShellScriptBuildPhase section */

/* Begin PBXSourcesBuildPhase section */
		A8AB866B1B52ADEF009B6D52 /* Sources */ = {
			isa = PBXSourcesBuildPhase;
			buildActionMask = 2147483647;
			files = (
				A878D5751BB4173D005F3BF2 /* UIWindow+Extension.m in Sources */,
				3D8592A81BAC0E330021D1B8 /* AnimationsController.m in Sources */,
				A89973C31BE886B9006E18CB /* PopupViewTestController.m in Sources */,
				3D223B1D1B6EFEB100C1F1B0 /* QTRecommendViewCell.m in Sources */,
				3DE9F76D1B704F930072F24B /* QTAlertView.m in Sources */,
				3DE192CE1BCBA91D0082DDA0 /* QRDemoViewController.m in Sources */,
				A88AACB71B5B744F00FBBFA7 /* QTTagListTestViewController.m in Sources */,
				3DAE5B561B71BE29000383A0 /* TestViewController.m in Sources */,
				3D9227421BA3D31D00F3B7E3 /* TestViewControllerSwift.swift in Sources */,
				A8AB88CA1B52AEEA009B6D52 /* QTSelectionView.m in Sources */,
				A8DC16661B629ACC00FB5933 /* BallView.m in Sources */,
				A8AB86A21B52AE4C009B6D52 /* main.m in Sources */,
				3DE192D41BCBB0090082DDA0 /* QTQRScanViewController.m in Sources */,
				3D8ACD151BF736C500DC222E /* InvitationTestController.m in Sources */,
				3D8ACD121BF734ED00DC222E /* QTInvitationConfirmViewController.m in Sources */,
				A8AB86A11B52AE4C009B6D52 /* AppDelegate.m in Sources */,
				3D85248C1B6B9B7200DA22FC /* QTActionSheet.m in Sources */,
				3D223B201B6F00F400C1F1B0 /* RecommendTestViewController.m in Sources */,
				3D85248D1B6B9B7200DA22FC /* QTActionSheetViewController.m in Sources */,
				3DE9F7701B705ABE0072F24B /* QTAlertViewViewController.m in Sources */,
				3DE192D11BCBA9430082DDA0 /* QTQRUtil.m in Sources */,
				3D043E721B85CDA9008F0B4F /* UIImage+JR.m in Sources */,
				3D223B171B6EFD0100C1F1B0 /* QTRecommendView.m in Sources */,
				3D8592AB1BAC0E8D0021D1B8 /* Animation1.m in Sources */,
				3D671D631BF5754D0078F5F9 /* DatePickerViewControllerTest.m in Sources */,
				A842CF4F1B5D28E50015464E /* NSDate+Extension.m in Sources */,
				A8DC16671B629ACC00FB5933 /* NewtonsCradleView.m in Sources */,
				3D42F86B1BF43F3800DF7B36 /* QTBounceMenuViewController.m in Sources */,
				3D42F86E1BF43F5B00DF7B36 /* QTBounceMenuView.m in Sources */,
				A8AB88D61B52B2D5009B6D52 /* QTMultiTableView.m in Sources */,
				A878D5761BB4173D005F3BF2 /* ViewController.m in Sources */,
				3D671D661BF575A10078F5F9 /* QTCalendarViewController.m in Sources */,
				A84643991B5A8EDD009322F1 /* QTTagListView.m in Sources */,
				A8771A271B652344009602D3 /* UIView+Extension.m in Sources */,
				A88AACC11B5B7F1500FBBFA7 /* QTPickerViewController.m in Sources */,
				A89973C61BE886E9006E18CB /* QTPopupView.m in Sources */,
				3D8524901B6B9B9200DA22FC /* TableViewController.m in Sources */,
				3D8592A41BABF9DE0021D1B8 /* NavigationAnimationDemo.m in Sources */,
				3D05857F1B7A1990006A6903 /* QTPickerView.m in Sources */,
				A8DC165E1B62912500FB5933 /* DynamicController.m in Sources */,
				A8AB88D31B52B247009B6D52 /* QTTestViewController.m in Sources */,
			);
			runOnlyForDeploymentPostprocessing = 0;
		};
		A8AB86841B52ADEF009B6D52 /* Sources */ = {
			isa = PBXSourcesBuildPhase;
			buildActionMask = 2147483647;
			files = (
				A8AB868F1B52ADEF009B6D52 /* DemoCollectionsTests.m in Sources */,
			);
			runOnlyForDeploymentPostprocessing = 0;
		};
/* End PBXSourcesBuildPhase section */

/* Begin PBXTargetDependency section */
		A8AB868A1B52ADEF009B6D52 /* PBXTargetDependency */ = {
			isa = PBXTargetDependency;
			target = A8AB866E1B52ADEF009B6D52 /* DemoCollections */;
			targetProxy = A8AB86891B52ADEF009B6D52 /* PBXContainerItemProxy */;
		};
/* End PBXTargetDependency section */

/* Begin XCBuildConfiguration section */
		A8AB86901B52ADEF009B6D52 /* Debug */ = {
			isa = XCBuildConfiguration;
			buildSettings = {
				ALWAYS_SEARCH_USER_PATHS = NO;
				CLANG_CXX_LANGUAGE_STANDARD = "gnu++0x";
				CLANG_CXX_LIBRARY = "libc++";
				CLANG_ENABLE_MODULES = YES;
				CLANG_ENABLE_OBJC_ARC = YES;
				CLANG_WARN_BOOL_CONVERSION = YES;
				CLANG_WARN_CONSTANT_CONVERSION = YES;
				CLANG_WARN_DIRECT_OBJC_ISA_USAGE = YES_ERROR;
				CLANG_WARN_EMPTY_BODY = YES;
				CLANG_WARN_ENUM_CONVERSION = YES;
				CLANG_WARN_INT_CONVERSION = YES;
				CLANG_WARN_OBJC_ROOT_CLASS = YES_ERROR;
				CLANG_WARN_UNREACHABLE_CODE = YES;
				CLANG_WARN__DUPLICATE_METHOD_MATCH = YES;
				"CODE_SIGN_IDENTITY[sdk=iphoneos*]" = "iPhone Developer: Qiang Wang (G9KE9V9LGK)";
				COPY_PHASE_STRIP = NO;
				DEBUG_INFORMATION_FORMAT = "dwarf-with-dsym";
				ENABLE_STRICT_OBJC_MSGSEND = YES;
				GCC_C_LANGUAGE_STANDARD = gnu99;
				GCC_DYNAMIC_NO_PIC = NO;
				GCC_NO_COMMON_BLOCKS = YES;
				GCC_OPTIMIZATION_LEVEL = 0;
				GCC_PREPROCESSOR_DEFINITIONS = (
					"DEBUG=1",
					"$(inherited)",
				);
				GCC_SYMBOLS_PRIVATE_EXTERN = NO;
				GCC_WARN_64_TO_32_BIT_CONVERSION = YES;
				GCC_WARN_ABOUT_RETURN_TYPE = YES_ERROR;
				GCC_WARN_UNDECLARED_SELECTOR = YES;
				GCC_WARN_UNINITIALIZED_AUTOS = YES_AGGRESSIVE;
				GCC_WARN_UNUSED_FUNCTION = YES;
				GCC_WARN_UNUSED_VARIABLE = YES;
				IPHONEOS_DEPLOYMENT_TARGET = 8.4;
				MTL_ENABLE_DEBUG_INFO = YES;
				ONLY_ACTIVE_ARCH = YES;
				SDKROOT = iphoneos;
				TARGETED_DEVICE_FAMILY = "1,2";
			};
			name = Debug;
		};
		A8AB86911B52ADEF009B6D52 /* Release */ = {
			isa = XCBuildConfiguration;
			buildSettings = {
				ALWAYS_SEARCH_USER_PATHS = NO;
				CLANG_CXX_LANGUAGE_STANDARD = "gnu++0x";
				CLANG_CXX_LIBRARY = "libc++";
				CLANG_ENABLE_MODULES = YES;
				CLANG_ENABLE_OBJC_ARC = YES;
				CLANG_WARN_BOOL_CONVERSION = YES;
				CLANG_WARN_CONSTANT_CONVERSION = YES;
				CLANG_WARN_DIRECT_OBJC_ISA_USAGE = YES_ERROR;
				CLANG_WARN_EMPTY_BODY = YES;
				CLANG_WARN_ENUM_CONVERSION = YES;
				CLANG_WARN_INT_CONVERSION = YES;
				CLANG_WARN_OBJC_ROOT_CLASS = YES_ERROR;
				CLANG_WARN_UNREACHABLE_CODE = YES;
				CLANG_WARN__DUPLICATE_METHOD_MATCH = YES;
				"CODE_SIGN_IDENTITY[sdk=iphoneos*]" = "";
				COPY_PHASE_STRIP = NO;
				DEBUG_INFORMATION_FORMAT = "dwarf-with-dsym";
				ENABLE_NS_ASSERTIONS = NO;
				ENABLE_STRICT_OBJC_MSGSEND = YES;
				GCC_C_LANGUAGE_STANDARD = gnu99;
				GCC_NO_COMMON_BLOCKS = YES;
				GCC_WARN_64_TO_32_BIT_CONVERSION = YES;
				GCC_WARN_ABOUT_RETURN_TYPE = YES_ERROR;
				GCC_WARN_UNDECLARED_SELECTOR = YES;
				GCC_WARN_UNINITIALIZED_AUTOS = YES_AGGRESSIVE;
				GCC_WARN_UNUSED_FUNCTION = YES;
				GCC_WARN_UNUSED_VARIABLE = YES;
				IPHONEOS_DEPLOYMENT_TARGET = 8.4;
				MTL_ENABLE_DEBUG_INFO = NO;
				SDKROOT = iphoneos;
				TARGETED_DEVICE_FAMILY = "1,2";
				VALIDATE_PRODUCT = YES;
			};
			name = Release;
		};
		A8AB86931B52ADEF009B6D52 /* Debug */ = {
			isa = XCBuildConfiguration;
			baseConfigurationReference = 0F515F2B6A4724F4FF922FF6 /* Pods.debug.xcconfig */;
			buildSettings = {
				ASSETCATALOG_COMPILER_APPICON_NAME = AppIcon;
				ASSETCATALOG_COMPILER_LAUNCHIMAGE_NAME = LaunchImage;
				CLANG_ENABLE_MODULES = YES;
				CODE_SIGN_IDENTITY = "iPhone Developer";
				"CODE_SIGN_IDENTITY[sdk=iphoneos*]" = "iPhone Developer";
				GCC_PRECOMPILE_PREFIX_HEADER = YES;
				GCC_PREFIX_HEADER = DemoCollections/Prefix.pch;
				INFOPLIST_FILE = DemoCollections/Info.plist;
				IPHONEOS_DEPLOYMENT_TARGET = 7.0;
				LD_RUNPATH_SEARCH_PATHS = "$(inherited) @executable_path/Frameworks";
				PRODUCT_NAME = "$(TARGET_NAME)";
				PROVISIONING_PROFILE = "";
			};
			name = Debug;
		};
		A8AB86941B52ADEF009B6D52 /* Release */ = {
			isa = XCBuildConfiguration;
			baseConfigurationReference = 6AD81BD45849FF5CF73D6E14 /* Pods.release.xcconfig */;
			buildSettings = {
				ASSETCATALOG_COMPILER_APPICON_NAME = AppIcon;
				ASSETCATALOG_COMPILER_LAUNCHIMAGE_NAME = LaunchImage;
				CLANG_ENABLE_MODULES = YES;
				CODE_SIGN_IDENTITY = "iPhone Developer";
				"CODE_SIGN_IDENTITY[sdk=iphoneos*]" = "iPhone Developer";
				GCC_PRECOMPILE_PREFIX_HEADER = YES;
				GCC_PREFIX_HEADER = DemoCollections/Prefix.pch;
				INFOPLIST_FILE = DemoCollections/Info.plist;
				IPHONEOS_DEPLOYMENT_TARGET = 7.0;
				LD_RUNPATH_SEARCH_PATHS = "$(inherited) @executable_path/Frameworks";
				PRODUCT_NAME = "$(TARGET_NAME)";
				PROVISIONING_PROFILE = "";
				SWIFT_OBJC_BRIDGING_HEADER = "DemoCollections/classes/Test/DemoCollections-Bridging-Header.h";
			};
			name = Release;
		};
		A8AB86961B52ADEF009B6D52 /* Debug */ = {
			isa = XCBuildConfiguration;
			buildSettings = {
				BUNDLE_LOADER = "$(TEST_HOST)";
				FRAMEWORK_SEARCH_PATHS = (
					"$(SDKROOT)/Developer/Library/Frameworks",
					"$(inherited)",
				);
				GCC_PREPROCESSOR_DEFINITIONS = (
					"DEBUG=1",
					"$(inherited)",
				);
				INFOPLIST_FILE = DemoCollectionsTests/Info.plist;
				LD_RUNPATH_SEARCH_PATHS = "$(inherited) @executable_path/Frameworks @loader_path/Frameworks";
				PRODUCT_NAME = "$(TARGET_NAME)";
				TEST_HOST = "$(BUILT_PRODUCTS_DIR)/DemoCollections.app/DemoCollections";
			};
			name = Debug;
		};
		A8AB86971B52ADEF009B6D52 /* Release */ = {
			isa = XCBuildConfiguration;
			buildSettings = {
				BUNDLE_LOADER = "$(TEST_HOST)";
				FRAMEWORK_SEARCH_PATHS = (
					"$(SDKROOT)/Developer/Library/Frameworks",
					"$(inherited)",
				);
				INFOPLIST_FILE = DemoCollectionsTests/Info.plist;
				LD_RUNPATH_SEARCH_PATHS = "$(inherited) @executable_path/Frameworks @loader_path/Frameworks";
				PRODUCT_NAME = "$(TARGET_NAME)";
				TEST_HOST = "$(BUILT_PRODUCTS_DIR)/DemoCollections.app/DemoCollections";
			};
			name = Release;
		};
/* End XCBuildConfiguration section */

/* Begin XCConfigurationList section */
		A8AB866A1B52ADEF009B6D52 /* Build configuration list for PBXProject "DemoCollections" */ = {
			isa = XCConfigurationList;
			buildConfigurations = (
				A8AB86901B52ADEF009B6D52 /* Debug */,
				A8AB86911B52ADEF009B6D52 /* Release */,
			);
			defaultConfigurationIsVisible = 0;
			defaultConfigurationName = Release;
		};
		A8AB86921B52ADEF009B6D52 /* Build configuration list for PBXNativeTarget "DemoCollections" */ = {
			isa = XCConfigurationList;
			buildConfigurations = (
				A8AB86931B52ADEF009B6D52 /* Debug */,
				A8AB86941B52ADEF009B6D52 /* Release */,
			);
			defaultConfigurationIsVisible = 0;
			defaultConfigurationName = Release;
		};
		A8AB86951B52ADEF009B6D52 /* Build configuration list for PBXNativeTarget "DemoCollectionsTests" */ = {
			isa = XCConfigurationList;
			buildConfigurations = (
				A8AB86961B52ADEF009B6D52 /* Debug */,
				A8AB86971B52ADEF009B6D52 /* Release */,
			);
			defaultConfigurationIsVisible = 0;
			defaultConfigurationName = Release;
		};
/* End XCConfigurationList section */
	};
	rootObject = A8AB86671B52ADEF009B6D52 /* Project object */;
}
